
Microsoft Visual Studio Solution File, Format Version 12.00
# Visual Studio Version 17
VisualStudioVersion = 17.9.34728.123
MinimumVisualStudioVersion = 10.0.40219.1
Project("{FAE04EC0-301F-11D3-BF4B-00C04F79EFBC}") = "Sales-Web-Mvc", "Sales-Web-Mvc.csproj", "{B758039F-A5C7-439A-8812-D77181A5203A}"
EndProject
Global
	GlobalSection(SolutionConfigurationPlatforms) = preSolution
		Debug|Any CPU = Debug|Any CPU
		Release|Any CPU = Release|Any CPU
	EndGlobalSection
	GlobalSection(ProjectConfigurationPlatforms) = postSolution
		{B758039F-A5C7-439A-8812-D77181A5203A}.Debug|Any CPU.ActiveCfg = Debug|Any CPU
		{B758039F-A5C7-439A-8812-D77181A5203A}.Debug|Any CPU.Build.0 = Debug|Any CPU
		{B758039F-A5C7-439A-8812-D77181A5203A}.Release|Any CPU.ActiveCfg = Release|Any CPU
		{B758039F-A5C7-439A-8812-D77181A5203A}.Release|Any CPU.Build.0 = Release|Any CPU
	EndGlobalSection
	GlobalSection(SolutionProperties) = preSolution
		HideSolutionNode = FALSE
	EndGlobalSection
	GlobalSection(ExtensibilityGlobals) = postSolution
		SolutionGuid = {D9257732-D631-41FD-ACC1-A22892B47508}
	EndGlobalSection
EndGlobal
